schema: '2.0'
stages:
  build-paper:
    cmd: calkit latex build -e tex --no-check paper/main.tex
    deps:
    - path: .calkit/env-locks/tex
      hash: md5
      md5: 754729e57f9f4aa1cb5ceb64a84b6901.dir
      size: 2658
      nfiles: 2
    - path: paper/figures
      hash: md5
      md5: d0b90c0e6a4a259c649b33d12fffcbd4.dir
      size: 18125
      nfiles: 1
    - path: paper/main.tex
      hash: md5
      md5: 376b1aa811f4a0fc1ecb13abd11ac6b2
      size: 597
    outs:
    - path: paper/main.pdf
      hash: md5
      md5: bd93eec86d4afa846de7a19b67882ede
      size: 84733
  build-paper2:
    cmd: calkit latex build -e tex --no-check paper2/main.tex
    deps:
    - path: .calkit/env-locks/tex
      hash: md5
      md5: 754729e57f9f4aa1cb5ceb64a84b6901.dir
      size: 2658
      nfiles: 2
    - path: paper2/figures
      hash: md5
      md5: 82323be8c73b39eb98695ce12317e066.dir
      size: 18129
      nfiles: 5
    - path: paper2/main.tex
      hash: md5
      md5: 0b82d9c24bbc0ceddc72852273a75234
      size: 969
    - path: paper2/thing.txt
      hash: md5
      md5: b130eeb413db6d877a36b1804252ff59
      size: 20
    outs:
    - path: paper2/main.pdf
      hash: md5
      md5: 2c51b6df857b942bfe59e4ad9b0393e8
      size: 87323
  build-report:
    cmd: calkit latex build -e tex --no-check report/main.tex
    deps:
    - path: .calkit/env-locks/tex
      hash: md5
      md5: 754729e57f9f4aa1cb5ceb64a84b6901.dir
      size: 2658
      nfiles: 2
    - path: report/figures
      hash: md5
      md5: ebc7b7f1c73d61b982965129c29a4ad2.dir
      size: 1593263
      nfiles: 9
    - path: report/main.tex
      hash: md5
      md5: 7328295754f17b089cff276e49df0da6
      size: 4574
    - path: report/references.bib
      hash: md5
      md5: 1716b58d0088b5bca3aeb6d3feda674a
      size: 2005
    outs:
    - path: report/main.pdf
      hash: md5
      md5: 665e7b7eff7c9c807eb26d2b3842b4e8
      size: 1310434
  notebook:
    cmd: calkit nb execute --environment py --no-check --to html 
      "notebook.ipynb"
    deps:
    - path: .calkit/envs/py/uv.lock
      hash: md5
      md5: 071ddf442062fbeed94bad0a00336278
      size: 185670
    - path: .calkit/notebooks/cleaned/notebook.ipynb
      hash: md5
      md5: b3ad45615b899153108e3ba115a424ce
      size: 680
    outs:
    - path: .calkit/notebooks/executed/notebook.ipynb
      hash: md5
      md5: 1cdb1cef5971fc8e9c03ff88880a56d4
      size: 23933
    - path: .calkit/notebooks/html/notebook.html
      hash: md5
      md5: b8500217b15762d42d21f8afe06b4300
      size: 293349
    - path: figures/test.png
      hash: md5
      md5: 2d9d86da95ae09a484b6087a36ea872d
      size: 16635
  notebook-julia:
    cmd: calkit nb execute --environment j1 --no-check --to html 
      "notebook-julia.ipynb"
    deps:
    - path: .calkit/notebooks/cleaned/notebook-julia.ipynb
      hash: md5
      md5: 36be5d7de6b9a4647176942f0ca5f8a6
      size: 1673
    - path: Manifest.toml
      hash: md5
      md5: a4e29635454f1243f34e5b15fb2ca273
      size: 57896
    outs:
    - path: .calkit/notebooks/executed/notebook-julia.ipynb
      hash: md5
      md5: d4387d09e54250b876083012129c3293
      size: 1706411
    - path: .calkit/notebooks/html/notebook-julia.html
      hash: md5
      md5: 871df64783f8e85175304f5f37eaec2e
      size: 1977325
    - path: figures/sine.png
      hash: md5
      md5: 8911c9825fc37135c6c0f4e9dd5f7a1e
      size: 55702
  notebooks-conda-polars:
    cmd: calkit nb execute --environment conda-polars --no-check --to html 
      "notebooks/conda-polars.ipynb"
    deps:
    - path: .calkit/env-locks/conda-polars
      hash: md5
      md5: 063285673bb062fdc893eee2db2ac088.dir
      size: 4434
      nfiles: 1
    - path: .calkit/notebooks/cleaned/notebooks/conda-polars.ipynb
      hash: md5
      md5: eb78d771847a02090c7644fafa4785be
      size: 670
    outs:
    - path: .calkit/notebooks/executed/notebooks/conda-polars.ipynb
      hash: md5
      md5: 047b8f93adfdb8ceecfa7b083358c17f
      size: 2757
    - path: .calkit/notebooks/html/notebooks/conda-polars.html
      hash: md5
      md5: 0c1f1cf34f7d8c4701551ca551f128a0
      size: 272177
    - path: notebooks/data.avro
      hash: md5
      md5: 86d284f9db1bc836a8880b0494bcfaa3
      size: 223
    - path: notebooks/data.parquet
      hash: md5
      md5: 99fa05399dd952b84d2b2ae827a3d184
      size: 1129
  notebooks-other:
    cmd: calkit nb execute --environment py --no-check --to html 
      "notebooks/other.ipynb"
    deps:
    - path: .calkit/envs/py/uv.lock
      hash: md5
      md5: 071ddf442062fbeed94bad0a00336278
      size: 185670
    - path: .calkit/notebooks/cleaned/notebooks/other.ipynb
      hash: md5
      md5: e32a53412fb960d99a7497f77a8989d5
      size: 722
    outs:
    - path: .calkit/notebooks/executed/notebooks/other.ipynb
      hash: md5
      md5: 89a0d6e3e4877275dec22d4d3fda1b77
      size: 2793
    - path: .calkit/notebooks/html/notebooks/other.html
      hash: md5
      md5: f833399cea46bad09b1dded61a4023fe
      size: 272184
    - path: results/sup.json
      hash: md5
      md5: 42b7b4f2921788ea14dac5566e6f06d0
      size: 8
  paper2-analysis:
    cmd: calkit xenv -n py --no-check -- python scripts/paper2-analysis.py
    deps:
    - path: .calkit/envs/py/uv.lock
      hash: md5
      md5: 071ddf442062fbeed94bad0a00336278
      size: 185670
    - path: scripts/paper2-analysis.py
      hash: md5
      md5: de229f7668f159a68cf2fa5f850e013b
      size: 915
    outs:
    - path: figures/paper2-error.png
      hash: md5
      md5: d59e8cae99f24acac3864df9c7dce041
      size: 49661
    - path: results/paper2-numbers.json
      hash: md5
      md5: 68d7b2fd68e81d48dac74880e4d170f0
      size: 130
  paper2-numbers:
    cmd: calkit latex from-json 'results/paper2-numbers.json' --output 
      'paper2/generated-numbers.tex' --command result --key improvement --key 
      n_cases --key cases.worst.error
    deps:
    - path: results/paper2-numbers.json
      hash: md5
      md5: 68d7b2fd68e81d48dac74880e4d170f0
      size: 130
    outs:
    - path: paper2/generated-numbers.tex
      hash: md5
      md5: 5b7c91825853e113075d7e9d1439e507
      size: 935
  paper2-copy-figures:
    cmd: calkit map-paths --file-to-file 
      'figures/paper2-error.png->paper2/figures/paper2-error.png'
    deps:
    - path: figures/paper2-error.png
      hash: md5
      md5: d59e8cae99f24acac3864df9c7dce041
      size: 49661
    outs:
    - path: paper2/figures/paper2-error.png
      hash: md5
      md5: d59e8cae99f24acac3864df9c7dce041
      size: 49661
