schema: '2.0'
stages:
  _check-env-main:
    cmd: calkit check environment --name main
    deps:
    - path: pyproject.toml
      hash: md5
      md5: 6a628bfed7e164c845f3e638e2b2dc35
      size: 383
    outs:
    - path: uv.lock
      hash: md5
      md5: 2279fd3dc518c2c475923e43d7c58340
      size: 352777
  _clean-nb-run-main-notebook:
    cmd: calkit nb clean "notebooks/main.ipynb"
    deps:
    - path: notebooks/main.ipynb
      hash: md5
      md5: 528a4608c25ab017804c01bf3ea21e1e
      size: 688391
    outs:
    - path: .calkit/notebooks/cleaned/notebooks/main.ipynb
      hash: md5
      md5: 700fc28e0d8bcc1c87857a8a28b4c9c7
      size: 686644
  run-main-notebook:
    cmd: calkit nb execute --environment main --no-check --language python --to 
      html "notebooks/main.ipynb"
    deps:
    - path: .calkit/notebooks/cleaned/notebooks/main.ipynb
      hash: md5
      md5: 700fc28e0d8bcc1c87857a8a28b4c9c7
      size: 686644
    - path: data/raw/penguins.csv
      hash: md5
      md5: 15d47d23d10f2f2f842439a2abdb771d
      size: 15010
    - path: uv.lock
      hash: md5
      md5: 2279fd3dc518c2c475923e43d7c58340
      size: 352777
    outs:
    - path: .calkit/notebooks/executed/notebooks/main.ipynb
      hash: md5
      md5: c06bd31fdfb6667e8ad312e20df263e7
      size: 1872994
    - path: .calkit/notebooks/html/notebooks/main.html
      hash: md5
      md5: 342f47284420fe13489d016f8a331daa
      size: 2176664
    - path: figures
      hash: md5
      md5: cf0c4852dcbe91edb737d74e80264446.dir
      size: 974891
      nfiles: 3
    - path: results/vif.json
      hash: md5
      md5: 9ef35582c9fcf229af631e7efd8d0a88
      size: 159
    - path: tables
      hash: md5
      md5: d4216634870d086a0c3a9eb049cd7f86.dir
      size: 964
      nfiles: 1
