schema: '2.0'
stages:
  build-paper:
    cmd: calkit latex build -e tex --no-check paper/main.tex
    deps:
    - path: .calkit/env-locks/tex
      hash: md5
      md5: 1c4cccf8b7888ff3ada7a423059c5b14.dir
      size: 2295
      nfiles: 2
    - path: paper/figures
      hash: md5
      md5: d0b90c0e6a4a259c649b33d12fffcbd4.dir
      size: 18125
      nfiles: 1
    - path: paper/main.tex
      hash: md5
      md5: 15159f115c3a4eb600064ee54651a395
      size: 613
    outs:
    - path: paper/main.pdf
      hash: md5
      md5: faae03c5275f83fa9c72cf2848c2a2e7
      size: 84516
